
Microsoft Visual Studio Solution File, Format Version 12.00
# Visual Studio 15
VisualStudioVersion = 15.0.27701.1
MinimumVisualStudioVersion = 10.0.40219.1
Project("{9A19103F-16F7-4668-BE54-9A1E7A4F7556}") = "stream-tools", "stream-tools.csproj", "{C193F786-E654-40BD-9EA8-E9033895F32F}"
EndProject
Global
	GlobalSection(SolutionConfigurationPlatforms) = preSolution
		Debug|Any CPU = Debug|Any CPU
		Release|Any CPU = Release|Any CPU
	EndGlobalSection
	GlobalSection(ProjectConfigurationPlatforms) = postSolution
		{C193F786-E654-40BD-9EA8-E9033895F32F}.Debug|Any CPU.ActiveCfg = Debug|Any CPU
		{C193F786-E654-40BD-9EA8-E9033895F32F}.Debug|Any CPU.Build.0 = Debug|Any CPU
		{C193F786-E654-40BD-9EA8-E9033895F32F}.Release|Any CPU.ActiveCfg = Release|Any CPU
		{C193F786-E654-40BD-9EA8-E9033895F32F}.Release|Any CPU.Build.0 = Release|Any CPU
	EndGlobalSection
	GlobalSection(SolutionProperties) = preSolution
		HideSolutionNode = FALSE
	EndGlobalSection
	GlobalSection(ExtensibilityGlobals) = postSolution
		SolutionGuid = {2FB18BAB-5D20-4EC2-B3E1-66496941215A}
	EndGlobalSection
EndGlobal
